PODS:
  - AgoraRtcEngine_iOS/RtcBasic (4.3.2)
  - BanubaFiltersAgoraExtension (2.5.1):
    - AgoraRtcEngine_iOS/RtcBasic (~> 4.3.2)
    - BNBSdkCore (>= 1.15.0)
  - BNBBackground (1.17.0):
    - BNBEffectPlayer (= 1.17.0)
    - BNBScripting (= 1.17.0)
    - BNBSdkCore (= 1.17.0)
  - BNBEffectPlayer (1.17.0)
  - BNBFaceTracker (1.17.0):
    - BNBEffectPlayer (= 1.17.0)
    - BNBScripting (= 1.17.0)
    - BNBSdkCore (= 1.17.0)
  - BNBLips (1.17.0):
    - BNBEffectPlayer (= 1.17.0)
    - BNBFaceTracker (= 1.17.0)
    - BNBScripting (= 1.17.0)
    - BNBSdkCore (= 1.17.0)
  - BNBMakeup (1.17.0):
    - BNBEffectPlayer (= 1.17.0)
    - BNBFaceTracker (= 1.17.0)
    - BNBLips (= 1.17.0)
    - BNBScripting (= 1.17.0)
    - BNBSdkCore (= 1.17.0)
    - BNBSkin (= 1.17.0)
  - BNBScripting (1.17.0)
  - BNBSdkCore (1.17.0)
  - BNBSkin (1.17.0):
    - BNBEffectPlayer (= 1.17.0)
    - BNBScripting (= 1.17.0)
    - BNBSdkCore (= 1.17.0)

DEPENDENCIES:
  - AgoraRtcEngine_iOS/RtcBasic (= 4.3.2)
  - BanubaFiltersAgoraExtension (= 2.5.1)
  - BNBBackground (= 1.17.0)
  - BNBMakeup (= 1.17.0)

SPEC REPOS:
  https://github.com/CocoaPods/Specs.git:
    - AgoraRtcEngine_iOS
  https://github.com/sdk-banuba/banuba-sdk-podspecs.git:
    - BanubaFiltersAgoraExtension
    - BNBBackground
    - BNBEffectPlayer
    - BNBFaceTracker
    - BNBLips
    - BNBMakeup
    - BNBScripting
    - BNBSdkCore
    - BNBSkin

SPEC CHECKSUMS:
  AgoraRtcEngine_iOS: eaa97751fcfe1b50d9b067e0df92752a6a5f899f
  BanubaFiltersAgoraExtension: 311fbabd9412bafd09e3ca7abbbdbb672e52286f
  BNBBackground: 409752fcce468f3776e414045947adb2594fa4a8
  BNBEffectPlayer: 0e6911332400fbcf82a0b0c9de7bf7f9a9f16dad
  BNBFaceTracker: 6be28c85e0a3ea1ac75e87aa1d286fb8509914f9
  BNBLips: 29ba950f0fc2b976954cfc564b404e4d43ea0976
  BNBMakeup: 4f8d2c0c6e909ff4a7afc09b6c0934ba3aea360e
  BNBScripting: 025ad9569356f48bc31ca64fc891720f5c989781
  BNBSdkCore: 3db661648b5f70ced6852a1a6eea3268f2d687b7
  BNBSkin: dddbdc59a2160caaa75d2260689ebca7f41d807e

PODFILE CHECKSUM: a76437d6522a27491edee8df4faa40943576d912

COCOAPODS: 1.15.2
