PODS:
  - AgoraInfra_iOS (1.3.5)
  - AgoraRtcEngine_iOS/RtcBasic (4.6.2):
    - AgoraInfra_iOS (= 1.3.5)
  - BanubaFiltersAgoraExtension (2.6.0):
    - AgoraRtcEngine_iOS/RtcBasic (~> 4.6.2)
    - BNBSdkCore (>= 1.17.0)
  - BNBBackground (1.17.7):
    - BNBEffectPlayer (= 1.17.7)
    - BNBScripting (= 1.17.7)
    - BNBSdkCore (= 1.17.7)
  - BNBEffectPlayer (1.17.7)
  - BNBFaceTracker (1.17.7):
    - BNBEffectPlayer (= 1.17.7)
    - BNBScripting (= 1.17.7)
    - BNBSdkCore (= 1.17.7)
  - BNBLips (1.17.7):
    - BNBEffectPlayer (= 1.17.7)
    - BNBFaceTracker (= 1.17.7)
    - BNBScripting (= 1.17.7)
    - BNBSdkCore (= 1.17.7)
  - BNBMakeup (1.17.7):
    - BNBEffectPlayer (= 1.17.7)
    - BNBFaceTracker (= 1.17.7)
    - BNBLips (= 1.17.7)
    - BNBScripting (= 1.17.7)
    - BNBSdkCore (= 1.17.7)
    - BNBSkin (= 1.17.7)
  - BNBScripting (1.17.7)
  - BNBSdkCore (1.17.7)
  - BNBSkin (1.17.7):
    - BNBEffectPlayer (= 1.17.7)
    - BNBScripting (= 1.17.7)
    - BNBSdkCore (= 1.17.7)

DEPENDENCIES:
  - AgoraRtcEngine_iOS/RtcBasic (~> 4.6.2)
  - BanubaFiltersAgoraExtension (from `../../banuba-filters-agora-extension-framework/`)
  - BNBBackground (~> 1.17.7)
  - BNBMakeup (~> 1.17.7)

SPEC REPOS:
  https://github.com/CocoaPods/Specs.git:
    - AgoraInfra_iOS
    - AgoraRtcEngine_iOS
  https://github.com/sdk-banuba/banuba-sdk-podspecs.git:
    - BNBBackground
    - BNBEffectPlayer
    - BNBFaceTracker
    - BNBLips
    - BNBMakeup
    - BNBScripting
    - BNBSdkCore
    - BNBSkin

EXTERNAL SOURCES:
  BanubaFiltersAgoraExtension:
    :path: "../../banuba-filters-agora-extension-framework/"

SPEC CHECKSUMS:
  AgoraInfra_iOS: 0bf927aad4fc425b24ca5d094b333361960f5cb0
  AgoraRtcEngine_iOS: 11f37dd846d6194a5268b084b99102e5b6aff0de
  BanubaFiltersAgoraExtension: 4e9b83cd2e7f851716554289dd79e389b145002c
  BNBBackground: 1a20f411b5bbd59ad754d6cc47fb1486bae7651a
  BNBEffectPlayer: 1c9ba42c55d31989b82e445d8c1b6b0bf33d5652
  BNBFaceTracker: dc143f12b1e0c19fda273f6675028a83aae5d5d2
  BNBLips: 898957ae1e960501a96b3c1b1d71d344797f5e09
  BNBMakeup: b04c5be9198c8342dad9dc751176c7bb63d91278
  BNBScripting: 157a37e96ef00f6e2e004e11832e180be60b2828
  BNBSdkCore: 97dfc7c28033fad51fff04befa453117a9e9d2f0
  BNBSkin: 4a1ea3741a257c098d776cbfd6e879e9adbd14ef

PODFILE CHECKSUM: e690574e32c55920a23a5f3a92392d90d31d3742

COCOAPODS: 1.16.2
