{
  "pins" : [
    {
      "identity" : "agorartcengine_ios",
      "kind" : "remoteSourceControl",
      "location" : "https://github.com/AgoraIO/AgoraRtcEngine_iOS",
      "state" : {
        "revision" : "e211562daa7a315030b733baa662a4276f19c4b9",
        "version" : "4.0.0-rc.1"
      }
    }
  ],
  "version" : 2
}
